# THIS IS AN AUTOGENERATED FILE. DO NOT EDIT THIS FILE DIRECTLY.
# yarn lockfile v1


snyk@^1.996.0:
  version "1.996.0"
  resolved "https://registry.yarnpkg.com/snyk/-/snyk-1.996.0.tgz#0369ca9e6a3a148751294c1320f59a79d5eb3c88"
  integrity sha512-nq//Ely0bSt50LzX9Er5lCQNqTpaKn7I7xkhUB3Z+8rs8Jqha360HeQwhbVzsuQS3xT/1+36zt6CcgyLPM1QbA==
